// !$*UTF8*$!
{
	archiveVersion = 1;
	classes = {
	};
	objectVersion = 46;
	objects = {

/* Begin PBXBuildFile section */
		4901A5E51E5501E200CC2E41 /* ProgressReportHeaderTableViewCell.swift in Sources */ = {isa = PBXBuildFile; fileRef = 4901A5E41E5501E200CC2E41 /* ProgressReportHeaderTableViewCell.swift */; };
		4905294B1CE58787006190C4 /* SchoolLoop.swift in Sources */ = {isa = PBXBuildFile; fileRef = 4905293E1CE58787006190C4 /* SchoolLoop.swift */; };
		4905294C1CE58787006190C4 /* SchoolLoop.swift in Sources */ = {isa = PBXBuildFile; fileRef = 4905293E1CE58787006190C4 /* SchoolLoop.swift */; };
		4905294D1CE58787006190C4 /* SchoolLoopAccount.swift in Sources */ = {isa = PBXBuildFile; fileRef = 4905293F1CE58787006190C4 /* SchoolLoopAccount.swift */; };
		4905294E1CE58787006190C4 /* SchoolLoopAccount.swift in Sources */ = {isa = PBXBuildFile; fileRef = 4905293F1CE58787006190C4 /* SchoolLoopAccount.swift */; };
		4905294F1CE58787006190C4 /* SchoolLoopAssignment.swift in Sources */ = {isa = PBXBuildFile; fileRef = 490529401CE58787006190C4 /* SchoolLoopAssignment.swift */; };
		490529501CE58787006190C4 /* SchoolLoopAssignment.swift in Sources */ = {isa = PBXBuildFile; fileRef = 490529401CE58787006190C4 /* SchoolLoopAssignment.swift */; };
		490529511CE58787006190C4 /* SchoolLoopConstants.swift in Sources */ = {isa = PBXBuildFile; fileRef = 490529411CE58787006190C4 /* SchoolLoopConstants.swift */; };
		490529521CE58787006190C4 /* SchoolLoopConstants.swift in Sources */ = {isa = PBXBuildFile; fileRef = 490529411CE58787006190C4 /* SchoolLoopConstants.swift */; };
		490529531CE58787006190C4 /* SchoolLoopCourse.swift in Sources */ = {isa = PBXBuildFile; fileRef = 490529421CE58787006190C4 /* SchoolLoopCourse.swift */; };
		490529541CE58787006190C4 /* SchoolLoopCourse.swift in Sources */ = {isa = PBXBuildFile; fileRef = 490529421CE58787006190C4 /* SchoolLoopCourse.swift */; };
		490529551CE58787006190C4 /* SchoolLoopError.swift in Sources */ = {isa = PBXBuildFile; fileRef = 490529431CE58787006190C4 /* SchoolLoopError.swift */; };
		490529561CE58787006190C4 /* SchoolLoopError.swift in Sources */ = {isa = PBXBuildFile; fileRef = 490529431CE58787006190C4 /* SchoolLoopError.swift */; };
		490529571CE58787006190C4 /* SchoolLoopGrade.swift in Sources */ = {isa = PBXBuildFile; fileRef = 490529441CE58787006190C4 /* SchoolLoopGrade.swift */; };
		490529581CE58787006190C4 /* SchoolLoopGrade.swift in Sources */ = {isa = PBXBuildFile; fileRef = 490529441CE58787006190C4 /* SchoolLoopGrade.swift */; };
		490529591CE58787006190C4 /* SchoolLoopKeychain.swift in Sources */ = {isa = PBXBuildFile; fileRef = 490529451CE58787006190C4 /* SchoolLoopKeychain.swift */; };
		4905295A1CE58787006190C4 /* SchoolLoopKeychain.swift in Sources */ = {isa = PBXBuildFile; fileRef = 490529451CE58787006190C4 /* SchoolLoopKeychain.swift */; };
		4905295B1CE58787006190C4 /* SchoolLoopLockerItem.swift in Sources */ = {isa = PBXBuildFile; fileRef = 490529461CE58787006190C4 /* SchoolLoopLockerItem.swift */; };
		4905295C1CE58787006190C4 /* SchoolLoopLockerItem.swift in Sources */ = {isa = PBXBuildFile; fileRef = 490529461CE58787006190C4 /* SchoolLoopLockerItem.swift */; };
		4905295D1CE58787006190C4 /* SchoolLoopLockerItemType.swift in Sources */ = {isa = PBXBuildFile; fileRef = 490529471CE58787006190C4 /* SchoolLoopLockerItemType.swift */; };
		4905295E1CE58787006190C4 /* SchoolLoopLockerItemType.swift in Sources */ = {isa = PBXBuildFile; fileRef = 490529471CE58787006190C4 /* SchoolLoopLockerItemType.swift */; };
		4905295F1CE58787006190C4 /* SchoolLoopLoopMail.swift in Sources */ = {isa = PBXBuildFile; fileRef = 490529481CE58787006190C4 /* SchoolLoopLoopMail.swift */; };
		490529601CE58787006190C4 /* SchoolLoopLoopMail.swift in Sources */ = {isa = PBXBuildFile; fileRef = 490529481CE58787006190C4 /* SchoolLoopLoopMail.swift */; };
		490529611CE58787006190C4 /* SchoolLoopNews.swift in Sources */ = {isa = PBXBuildFile; fileRef = 490529491CE58787006190C4 /* SchoolLoopNews.swift */; };
		490529621CE58787006190C4 /* SchoolLoopNews.swift in Sources */ = {isa = PBXBuildFile; fileRef = 490529491CE58787006190C4 /* SchoolLoopNews.swift */; };
		490529631CE58787006190C4 /* SchoolLoopSchool.swift in Sources */ = {isa = PBXBuildFile; fileRef = 4905294A1CE58787006190C4 /* SchoolLoopSchool.swift */; };
		490529641CE58787006190C4 /* SchoolLoopSchool.swift in Sources */ = {isa = PBXBuildFile; fileRef = 4905294A1CE58787006190C4 /* SchoolLoopSchool.swift */; };
		4906AB7D1CCDBFBA00610448 /* Interface.storyboard in Resources */ = {isa = PBXBuildFile; fileRef = 4906AB7B1CCDBFBA00610448 /* Interface.storyboard */; };
		4906AB861CCDBFBB00610448 /* break-watchOS Extension.appex in Embed App Extensions */ = {isa = PBXBuildFile; fileRef = 4906AB851CCDBFBA00610448 /* break-watchOS Extension.appex */; settings = {ATTRIBUTES = (RemoveHeadersOnCopy, ); }; };
		4906AB8D1CCDBFBB00610448 /* ExtensionDelegate.swift in Sources */ = {isa = PBXBuildFile; fileRef = 4906AB8C1CCDBFBB00610448 /* ExtensionDelegate.swift */; };
		4906AB931CCDBFBB00610448 /* break-watchOS.app in Embed Watch Content */ = {isa = PBXBuildFile; fileRef = 4906AB791CCDBFB800610448 /* break-watchOS.app */; };
		4906AB9D1CCDE79B00610448 /* CoursesInterfaceController.swift in Sources */ = {isa = PBXBuildFile; fileRef = 4906AB9C1CCDE79B00610448 /* CoursesInterfaceController.swift */; };
		4931EAF31DDA936F001CBB1D /* LoopMailComposeViewController.swift in Sources */ = {isa = PBXBuildFile; fileRef = 4931EAF21DDA936F001CBB1D /* LoopMailComposeViewController.swift */; };
		4931EAF51DDA9572001CBB1D /* LoopMailComposeTableViewCell.swift in Sources */ = {isa = PBXBuildFile; fileRef = 4931EAF41DDA9572001CBB1D /* LoopMailComposeTableViewCell.swift */; };
		493DDDEC1EA71AEA006104D4 /* AppIcon.xcassets in Resources */ = {isa = PBXBuildFile; fileRef = 493DDDEB1EA71AEA006104D4 /* AppIcon.xcassets */; };
		493DDDED1EA71B0D006104D4 /* AppIcon.xcassets in Resources */ = {isa = PBXBuildFile; fileRef = 493DDDEB1EA71AEA006104D4 /* AppIcon.xcassets */; };
		493E178F1C63E95000AFC7A6 /* breakTests.swift in Sources */ = {isa = PBXBuildFile; fileRef = 493E178E1C63E95000AFC7A6 /* breakTests.swift */; };
		493E179A1C63E95000AFC7A6 /* breakUITests.swift in Sources */ = {isa = PBXBuildFile; fileRef = 493E17991C63E95000AFC7A6 /* breakUITests.swift */; };
		4943D6FD1E5AB281005EBB15 /* ViewModesViewController.swift in Sources */ = {isa = PBXBuildFile; fileRef = 4943D6FC1E5AB280005EBB15 /* ViewModesViewController.swift */; };
		4943D6FF1E5AB48E005EBB15 /* ViewMode.swift in Sources */ = {isa = PBXBuildFile; fileRef = 4943D6FE1E5AB48E005EBB15 /* ViewMode.swift */; };
		49489F291DDA9D500039126D /* LoopMailContactsViewController.swift in Sources */ = {isa = PBXBuildFile; fileRef = 49489F281DDA9D500039126D /* LoopMailContactsViewController.swift */; };
		49489F2B1DDA9EEE0039126D /* SchoolLoopContact.swift in Sources */ = {isa = PBXBuildFile; fileRef = 49489F2A1DDA9EEE0039126D /* SchoolLoopContact.swift */; };
		49489F2C1DDAA1090039126D /* SchoolLoopContact.swift in Sources */ = {isa = PBXBuildFile; fileRef = 49489F2A1DDA9EEE0039126D /* SchoolLoopContact.swift */; };
		49489F2E1DDAA2060039126D /* SchoolLoopComposedLoopMail.swift in Sources */ = {isa = PBXBuildFile; fileRef = 49489F2D1DDAA2060039126D /* SchoolLoopComposedLoopMail.swift */; };
		49489F2F1DDAA2D90039126D /* SchoolLoopComposedLoopMail.swift in Sources */ = {isa = PBXBuildFile; fileRef = 49489F2D1DDAA2060039126D /* SchoolLoopComposedLoopMail.swift */; };
		4954C2861E03D9BC00564D28 /* SchoolLoopComputableCourse.swift in Sources */ = {isa = PBXBuildFile; fileRef = 4954C2851E03D9BC00564D28 /* SchoolLoopComputableCourse.swift */; };
		495574871CA6081100193EE5 /* Logger.swift in Sources */ = {isa = PBXBuildFile; fileRef = 495574861CA6081100193EE5 /* Logger.swift */; };
		495574891CA6112000193EE5 /* LoggerViewController.swift in Sources */ = {isa = PBXBuildFile; fileRef = 495574881CA6112000193EE5 /* LoggerViewController.swift */; };
		4956BB641E4A66FD00149FA9 /* ProgressReportHeader.swift in Sources */ = {isa = PBXBuildFile; fileRef = 4956BB631E4A66FD00149FA9 /* ProgressReportHeader.swift */; };
		495D1D1A1CFE0B54006F55C2 /* StartupTableViewController.swift in Sources */ = {isa = PBXBuildFile; fileRef = 495D1D191CFE0B54006F55C2 /* StartupTableViewController.swift */; };
		496FA3941E5FCEE700822436 /* CourseDetailTableViewCell.swift in Sources */ = {isa = PBXBuildFile; fileRef = 496FA3931E5FCEE700822436 /* CourseDetailTableViewCell.swift */; };
		4982807A1CEE4C34001A5000 /* SchoolLoopTrendScore.swift in Sources */ = {isa = PBXBuildFile; fileRef = 498280791CEE4C34001A5000 /* SchoolLoopTrendScore.swift */; };
		4982807E1CEE4E95001A5000 /* TrendScore.swift in Sources */ = {isa = PBXBuildFile; fileRef = 4982807D1CEE4E95001A5000 /* TrendScore.swift */; };
		4982807F1CEE5037001A5000 /* SchoolLoopTrendScore.swift in Sources */ = {isa = PBXBuildFile; fileRef = 498280791CEE4C34001A5000 /* SchoolLoopTrendScore.swift */; };
		4986658F1C8D24E9004BA249 /* AppDelegate.swift in Sources */ = {isa = PBXBuildFile; fileRef = 498665541C8D24E9004BA249 /* AppDelegate.swift */; };
		498665901C8D24E9004BA249 /* AssignmentDescriptionViewController.swift in Sources */ = {isa = PBXBuildFile; fileRef = 498665561C8D24E9004BA249 /* AssignmentDescriptionViewController.swift */; };
		498665911C8D24E9004BA249 /* AssignmentsViewController.swift in Sources */ = {isa = PBXBuildFile; fileRef = 498665571C8D24E9004BA249 /* AssignmentsViewController.swift */; };
		498665921C8D24E9004BA249 /* AssignmentTableViewCell.swift in Sources */ = {isa = PBXBuildFile; fileRef = 498665581C8D24E9004BA249 /* AssignmentTableViewCell.swift */; };
		498665931C8D24E9004BA249 /* CoursesViewController.swift in Sources */ = {isa = PBXBuildFile; fileRef = 4986655A1C8D24E9004BA249 /* CoursesViewController.swift */; };
		498665941C8D24E9004BA249 /* CourseTableViewCell.swift in Sources */ = {isa = PBXBuildFile; fileRef = 4986655B1C8D24E9004BA249 /* CourseTableViewCell.swift */; };
		498665951C8D24E9004BA249 /* GradeTableViewCell.swift in Sources */ = {isa = PBXBuildFile; fileRef = 4986655C1C8D24E9004BA249 /* GradeTableViewCell.swift */; };
		498665961C8D24E9004BA249 /* ProgressReportViewController.swift in Sources */ = {isa = PBXBuildFile; fileRef = 4986655D1C8D24E9004BA249 /* ProgressReportViewController.swift */; };
		498665971C8D24E9004BA249 /* LockerItemCollectionViewCell.swift in Sources */ = {isa = PBXBuildFile; fileRef = 4986655F1C8D24E9004BA249 /* LockerItemCollectionViewCell.swift */; };
		498665991C8D24E9004BA249 /* LockerViewController.swift in Sources */ = {isa = PBXBuildFile; fileRef = 498665611C8D24E9004BA249 /* LockerViewController.swift */; };
		4986659A1C8D24E9004BA249 /* LoginViewController.swift in Sources */ = {isa = PBXBuildFile; fileRef = 498665621C8D24E9004BA249 /* LoginViewController.swift */; };
		4986659B1C8D24E9004BA249 /* LoopMailMessageViewController.swift in Sources */ = {isa = PBXBuildFile; fileRef = 498665641C8D24E9004BA249 /* LoopMailMessageViewController.swift */; };
		4986659C1C8D24E9004BA249 /* LoopMailTableViewCell.swift in Sources */ = {isa = PBXBuildFile; fileRef = 498665651C8D24E9004BA249 /* LoopMailTableViewCell.swift */; };
		4986659D1C8D24E9004BA249 /* LoopMailViewController.swift in Sources */ = {isa = PBXBuildFile; fileRef = 498665661C8D24E9004BA249 /* LoopMailViewController.swift */; };
		4986659E1C8D24E9004BA249 /* Main.storyboard in Resources */ = {isa = PBXBuildFile; fileRef = 498665671C8D24E9004BA249 /* Main.storyboard */; };
		4986659F1C8D24E9004BA249 /* NewsDescriptionViewController.swift in Sources */ = {isa = PBXBuildFile; fileRef = 498665691C8D24E9004BA249 /* NewsDescriptionViewController.swift */; };
		498665A01C8D24E9004BA249 /* NewsTableViewCell.swift in Sources */ = {isa = PBXBuildFile; fileRef = 4986656A1C8D24E9004BA249 /* NewsTableViewCell.swift */; };
		498665A11C8D24E9004BA249 /* NewsViewController.swift in Sources */ = {isa = PBXBuildFile; fileRef = 4986656B1C8D24E9004BA249 /* NewsViewController.swift */; };
		498665A21C8D24E9004BA249 /* AccountTableViewController.swift in Sources */ = {isa = PBXBuildFile; fileRef = 4986656D1C8D24E9004BA249 /* AccountTableViewController.swift */; };
		498665A31C8D24E9004BA249 /* Settings.storyboard in Resources */ = {isa = PBXBuildFile; fileRef = 4986656E1C8D24E9004BA249 /* Settings.storyboard */; };
		498665A41C8D24E9004BA249 /* SettingsTableViewController.swift in Sources */ = {isa = PBXBuildFile; fileRef = 4986656F1C8D24E9004BA249 /* SettingsTableViewController.swift */; };
		498665A71C8D24E9004BA249 /* LaunchScreen.storyboard in Resources */ = {isa = PBXBuildFile; fileRef = 498665731C8D24E9004BA249 /* LaunchScreen.storyboard */; };
		49989A4C1EA44C9B00F95A65 /* NotificationsTableViewController.swift in Sources */ = {isa = PBXBuildFile; fileRef = 49989A4B1EA44C9B00F95A65 /* NotificationsTableViewController.swift */; };
		4998B29D1EB51B6D00044A14 /* WebViewToSafariViewControllerShimViewController.swift in Sources */ = {isa = PBXBuildFile; fileRef = 4998B29C1EB51B6D00044A14 /* WebViewToSafariViewControllerShimViewController.swift */; };
		4998B29F1EB5665800044A14 /* breakSafariViewController.swift in Sources */ = {isa = PBXBuildFile; fileRef = 4998B29E1EB5665800044A14 /* breakSafariViewController.swift */; };
		49AC180B1E03DA1B00DB8159 /* SchoolLoopComputableCategory.swift in Sources */ = {isa = PBXBuildFile; fileRef = 49AC180A1E03DA1B00DB8159 /* SchoolLoopComputableCategory.swift */; };
		49AC180D1E03DA3E00DB8159 /* SchoolLoopComputableGrade.swift in Sources */ = {isa = PBXBuildFile; fileRef = 49AC180C1E03DA3E00DB8159 /* SchoolLoopComputableGrade.swift */; };
		49AC180E1E03E30200DB8159 /* SchoolLoopComputableCourse.swift in Sources */ = {isa = PBXBuildFile; fileRef = 4954C2851E03D9BC00564D28 /* SchoolLoopComputableCourse.swift */; };
		49AC180F1E03E30200DB8159 /* SchoolLoopComputableCategory.swift in Sources */ = {isa = PBXBuildFile; fileRef = 49AC180A1E03DA1B00DB8159 /* SchoolLoopComputableCategory.swift */; };
		49AC18101E03E30200DB8159 /* SchoolLoopComputableGrade.swift in Sources */ = {isa = PBXBuildFile; fileRef = 49AC180C1E03DA3E00DB8159 /* SchoolLoopComputableGrade.swift */; };
		49C9888E1EA32D62000AF3CF /* Preferences.swift in Sources */ = {isa = PBXBuildFile; fileRef = 49C9888D1EA32D62000AF3CF /* Preferences.swift */; };
		49CC70961CD1CF53000566D4 /* SecurityTableViewController.swift in Sources */ = {isa = PBXBuildFile; fileRef = 49CC70951CD1CF53000566D4 /* SecurityTableViewController.swift */; };
		49CEE9A91CF739B600440802 /* SchoolLoopCutoff.swift in Sources */ = {isa = PBXBuildFile; fileRef = 49CEE9A81CF739B600440802 /* SchoolLoopCutoff.swift */; };
		49CEE9AA1CF7426000440802 /* SchoolLoopCutoff.swift in Sources */ = {isa = PBXBuildFile; fileRef = 49CEE9A81CF739B600440802 /* SchoolLoopCutoff.swift */; };
		49D04A311CD58B7200CB6650 /* ComplicationController.swift in Sources */ = {isa = PBXBuildFile; fileRef = 49D04A301CD58B7200CB6650 /* ComplicationController.swift */; };
		49D04A331CD58B9300CB6650 /* Assets.xcassets in Resources */ = {isa = PBXBuildFile; fileRef = 49D04A321CD58B9300CB6650 /* Assets.xcassets */; };
		49D72F0D1CF016170054D8CE /* SchoolLoopCategory.swift in Sources */ = {isa = PBXBuildFile; fileRef = 49E1BD081CF006EE002E819D /* SchoolLoopCategory.swift */; };
		49DC05BA1CCDEDDD0090578F /* Assets.xcassets in Resources */ = {isa = PBXBuildFile; fileRef = 49DC05B91CCDEDDD0090578F /* Assets.xcassets */; };
		49DC05CC1CCDF4910090578F /* CourseRowController.swift in Sources */ = {isa = PBXBuildFile; fileRef = 49DC05BD1CCDF29C0090578F /* CourseRowController.swift */; };
		49DC05CE1CCFD7440090578F /* ProgressReportInterfaceController.swift in Sources */ = {isa = PBXBuildFile; fileRef = 49DC05CD1CCFD7440090578F /* ProgressReportInterfaceController.swift */; };
		49DC05D01CCFD9E80090578F /* GradeRowController.swift in Sources */ = {isa = PBXBuildFile; fileRef = 49DC05CF1CCFD9E80090578F /* GradeRowController.swift */; };
		49DF2B2A1CF3BDE200DC1EB7 /* GradeViewController.swift in Sources */ = {isa = PBXBuildFile; fileRef = 49DF2B291CF3BDE200DC1EB7 /* GradeViewController.swift */; };
		49DF2B2E1CF3BDF900DC1EB7 /* CourseViewController.swift in Sources */ = {isa = PBXBuildFile; fileRef = 49DF2B2D1CF3BDF900DC1EB7 /* CourseViewController.swift */; };
		49E1BD091CF006EE002E819D /* SchoolLoopCategory.swift in Sources */ = {isa = PBXBuildFile; fileRef = 49E1BD081CF006EE002E819D /* SchoolLoopCategory.swift */; };
/* End PBXBuildFile section */

/* Begin PBXContainerItemProxy section */
		4906AB871CCDBFBB00610448 /* PBXContainerItemProxy */ = {
			isa = PBXContainerItemProxy;
			containerPortal = 493E176E1C63E95000AFC7A6 /* Project object */;
			proxyType = 1;
			remoteGlobalIDString = 4906AB841CCDBFBA00610448;
			remoteInfo = "break-watchOS Extension";
		};
		4906AB911CCDBFBB00610448 /* PBXContainerItemProxy */ = {
			isa = PBXContainerItemProxy;
			containerPortal = 493E176E1C63E95000AFC7A6 /* Project object */;
			proxyType = 1;
			remoteGlobalIDString = 4906AB781CCDBFB800610448;
			remoteInfo = "break-watchOS";
		};
		493E178B1C63E95000AFC7A6 /* PBXContainerItemProxy */ = {
			isa = PBXContainerItemProxy;
			containerPortal = 493E176E1C63E95000AFC7A6 /* Project object */;
			proxyType = 1;
			remoteGlobalIDString = 493E17751C63E95000AFC7A6;
			remoteInfo = break;
		};
		493E17961C63E95000AFC7A6 /* PBXContainerItemProxy */ = {
			isa = PBXContainerItemProxy;
			containerPortal = 493E176E1C63E95000AFC7A6 /* Project object */;
			proxyType = 1;
			remoteGlobalIDString = 493E17751C63E95000AFC7A6;
			remoteInfo = break;
		};
/* End PBXContainerItemProxy section */

/* Begin PBXCopyFilesBuildPhase section */
		4906AB991CCDBFBB00610448 /* Embed App Extensions */ = {
			isa = PBXCopyFilesBuildPhase;
			buildActionMask = 2147483647;
			dstPath = "";
			dstSubfolderSpec = 13;
			files = (
				4906AB861CCDBFBB00610448 /* break-watchOS Extension.appex in Embed App Extensions */,
			);
			name = "Embed App Extensions";
			runOnlyForDeploymentPostprocessing = 0;
		};
		4906AB9B1CCDBFBB00610448 /* Embed Watch Content */ = {
			isa = PBXCopyFilesBuildPhase;
			buildActionMask = 2147483647;
			dstPath = "$(CONTENTS_FOLDER_PATH)/Watch";
			dstSubfolderSpec = 16;
			files = (
				4906AB931CCDBFBB00610448 /* break-watchOS.app in Embed Watch Content */,
			);
			name = "Embed Watch Content";
			runOnlyForDeploymentPostprocessing = 0;
		};
/* End PBXCopyFilesBuildPhase section */

/* Begin PBXFileReference section */
		4901A5E41E5501E200CC2E41 /* ProgressReportHeaderTableViewCell.swift */ = {isa = PBXFileReference; fileEncoding = 4; lastKnownFileType = sourcecode.swift; path = ProgressReportHeaderTableViewCell.swift; sourceTree = "<group>"; };
		4905293E1CE58787006190C4 /* SchoolLoop.swift */ = {isa = PBXFileReference; fileEncoding = 4; lastKnownFileType = sourcecode.swift; lineEnding = 0; path = SchoolLoop.swift; sourceTree = "<group>"; xcLanguageSpecificationIdentifier = xcode.lang.swift; };
		4905293F1CE58787006190C4 /* SchoolLoopAccount.swift */ = {isa = PBXFileReference; fileEncoding = 4; lastKnownFileType = sourcecode.swift; path = SchoolLoopAccount.swift; sourceTree = "<group>"; };
		490529401CE58787006190C4 /* SchoolLoopAssignment.swift */ = {isa = PBXFileReference; fileEncoding = 4; lastKnownFileType = sourcecode.swift; path = SchoolLoopAssignment.swift; sourceTree = "<group>"; };
		490529411CE58787006190C4 /* SchoolLoopConstants.swift */ = {isa = PBXFileReference; fileEncoding = 4; lastKnownFileType = sourcecode.swift; path = SchoolLoopConstants.swift; sourceTree = "<group>"; };
		490529421CE58787006190C4 /* SchoolLoopCourse.swift */ = {isa = PBXFileReference; fileEncoding = 4; lastKnownFileType = sourcecode.swift; lineEnding = 0; path = SchoolLoopCourse.swift; sourceTree = "<group>"; xcLanguageSpecificationIdentifier = xcode.lang.swift; };
		490529431CE58787006190C4 /* SchoolLoopError.swift */ = {isa = PBXFileReference; fileEncoding = 4; lastKnownFileType = sourcecode.swift; path = SchoolLoopError.swift; sourceTree = "<group>"; };
		490529441CE58787006190C4 /* SchoolLoopGrade.swift */ = {isa = PBXFileReference; fileEncoding = 4; lastKnownFileType = sourcecode.swift; path = SchoolLoopGrade.swift; sourceTree = "<group>"; };
		490529451CE58787006190C4 /* SchoolLoopKeychain.swift */ = {isa = PBXFileReference; fileEncoding = 4; lastKnownFileType = sourcecode.swift; path = SchoolLoopKeychain.swift; sourceTree = "<group>"; };
		490529461CE58787006190C4 /* SchoolLoopLockerItem.swift */ = {isa = PBXFileReference; fileEncoding = 4; lastKnownFileType = sourcecode.swift; lineEnding = 0; path = SchoolLoopLockerItem.swift; sourceTree = "<group>"; xcLanguageSpecificationIdentifier = xcode.lang.swift; };
		490529471CE58787006190C4 /* SchoolLoopLockerItemType.swift */ = {isa = PBXFileReference; fileEncoding = 4; lastKnownFileType = sourcecode.swift; path = SchoolLoopLockerItemType.swift; sourceTree = "<group>"; };
		490529481CE58787006190C4 /* SchoolLoopLoopMail.swift */ = {isa = PBXFileReference; fileEncoding = 4; lastKnownFileType = sourcecode.swift; path = SchoolLoopLoopMail.swift; sourceTree = "<group>"; };
		490529491CE58787006190C4 /* SchoolLoopNews.swift */ = {isa = PBXFileReference; fileEncoding = 4; lastKnownFileType = sourcecode.swift; path = SchoolLoopNews.swift; sourceTree = "<group>"; };
		4905294A1CE58787006190C4 /* SchoolLoopSchool.swift */ = {isa = PBXFileReference; fileEncoding = 4; lastKnownFileType = sourcecode.swift; path = SchoolLoopSchool.swift; sourceTree = "<group>"; };
		4906AB791CCDBFB800610448 /* break-watchOS.app */ = {isa = PBXFileReference; explicitFileType = wrapper.application; includeInIndex = 0; path = "break-watchOS.app"; sourceTree = BUILT_PRODUCTS_DIR; };
		4906AB7C1CCDBFBA00610448 /* Base */ = {isa = PBXFileReference; lastKnownFileType = file.storyboard; name = Base; path = Base.lproj/Interface.storyboard; sourceTree = "<group>"; };
		4906AB801CCDBFBA00610448 /* Info.plist */ = {isa = PBXFileReference; lastKnownFileType = text.plist.xml; path = Info.plist; sourceTree = "<group>"; };
		4906AB851CCDBFBA00610448 /* break-watchOS Extension.appex */ = {isa = PBXFileReference; explicitFileType = "wrapper.app-extension"; includeInIndex = 0; path = "break-watchOS Extension.appex"; sourceTree = BUILT_PRODUCTS_DIR; };
		4906AB8C1CCDBFBB00610448 /* ExtensionDelegate.swift */ = {isa = PBXFileReference; lastKnownFileType = sourcecode.swift; path = ExtensionDelegate.swift; sourceTree = "<group>"; };
		4906AB901CCDBFBB00610448 /* Info.plist */ = {isa = PBXFileReference; lastKnownFileType = text.plist.xml; path = Info.plist; sourceTree = "<group>"; };
		4906AB9C1CCDE79B00610448 /* CoursesInterfaceController.swift */ = {isa = PBXFileReference; fileEncoding = 4; lastKnownFileType = sourcecode.swift; lineEnding = 0; path = CoursesInterfaceController.swift; sourceTree = "<group>"; xcLanguageSpecificationIdentifier = xcode.lang.swift; };
		4931EAF21DDA936F001CBB1D /* LoopMailComposeViewController.swift */ = {isa = PBXFileReference; fileEncoding = 4; lastKnownFileType = sourcecode.swift; path = LoopMailComposeViewController.swift; sourceTree = "<group>"; };
		4931EAF41DDA9572001CBB1D /* LoopMailComposeTableViewCell.swift */ = {isa = PBXFileReference; fileEncoding = 4; lastKnownFileType = sourcecode.swift; path = LoopMailComposeTableViewCell.swift; sourceTree = "<group>"; };
		493DDDEB1EA71AEA006104D4 /* AppIcon.xcassets */ = {isa = PBXFileReference; lastKnownFileType = folder.assetcatalog; path = AppIcon.xcassets; sourceTree = "<group>"; };
		493E17761C63E95000AFC7A6 /* break.app */ = {isa = PBXFileReference; explicitFileType = wrapper.application; includeInIndex = 0; path = break.app; sourceTree = BUILT_PRODUCTS_DIR; };
		493E178A1C63E95000AFC7A6 /* breakTests.xctest */ = {isa = PBXFileReference; explicitFileType = wrapper.cfbundle; includeInIndex = 0; path = breakTests.xctest; sourceTree = BUILT_PRODUCTS_DIR; };
		493E178E1C63E95000AFC7A6 /* breakTests.swift */ = {isa = PBXFileReference; lastKnownFileType = sourcecode.swift; path = breakTests.swift; sourceTree = "<group>"; };
		493E17901C63E95000AFC7A6 /* Info.plist */ = {isa = PBXFileReference; lastKnownFileType = text.plist.xml; path = Info.plist; sourceTree = "<group>"; };
		493E17951C63E95000AFC7A6 /* breakUITests.xctest */ = {isa = PBXFileReference; explicitFileType = wrapper.cfbundle; includeInIndex = 0; path = breakUITests.xctest; sourceTree = BUILT_PRODUCTS_DIR; };
		493E17991C63E95000AFC7A6 /* breakUITests.swift */ = {isa = PBXFileReference; lastKnownFileType = sourcecode.swift; path = breakUITests.swift; sourceTree = "<group>"; };
		493E179B1C63E95000AFC7A6 /* Info.plist */ = {isa = PBXFileReference; lastKnownFileType = text.plist.xml; path = Info.plist; sourceTree = "<group>"; };
		4943D6FC1E5AB280005EBB15 /* ViewModesViewController.swift */ = {isa = PBXFileReference; fileEncoding = 4; lastKnownFileType = sourcecode.swift; lineEnding = 0; path = ViewModesViewController.swift; sourceTree = "<group>"; xcLanguageSpecificationIdentifier = xcode.lang.swift; };
		4943D6FE1E5AB48E005EBB15 /* ViewMode.swift */ = {isa = PBXFileReference; fileEncoding = 4; lastKnownFileType = sourcecode.swift; lineEnding = 0; path = ViewMode.swift; sourceTree = "<group>"; xcLanguageSpecificationIdentifier = xcode.lang.swift; };
		49489F281DDA9D500039126D /* LoopMailContactsViewController.swift */ = {isa = PBXFileReference; fileEncoding = 4; lastKnownFileType = sourcecode.swift; lineEnding = 0; path = LoopMailContactsViewController.swift; sourceTree = "<group>"; xcLanguageSpecificationIdentifier = xcode.lang.swift; };
		49489F2A1DDA9EEE0039126D /* SchoolLoopContact.swift */ = {isa = PBXFileReference; fileEncoding = 4; lastKnownFileType = sourcecode.swift; path = SchoolLoopContact.swift; sourceTree = "<group>"; };
		49489F2D1DDAA2060039126D /* SchoolLoopComposedLoopMail.swift */ = {isa = PBXFileReference; fileEncoding = 4; lastKnownFileType = sourcecode.swift; path = SchoolLoopComposedLoopMail.swift; sourceTree = "<group>"; };
		4954C2851E03D9BC00564D28 /* SchoolLoopComputableCourse.swift */ = {isa = PBXFileReference; fileEncoding = 4; lastKnownFileType = sourcecode.swift; lineEnding = 0; path = SchoolLoopComputableCourse.swift; sourceTree = "<group>"; xcLanguageSpecificationIdentifier = xcode.lang.swift; };
		495574861CA6081100193EE5 /* Logger.swift */ = {isa = PBXFileReference; fileEncoding = 4; lastKnownFileType = sourcecode.swift; path = Logger.swift; sourceTree = "<group>"; };
		495574881CA6112000193EE5 /* LoggerViewController.swift */ = {isa = PBXFileReference; fileEncoding = 4; lastKnownFileType = sourcecode.swift; path = LoggerViewController.swift; sourceTree = "<group>"; };
		4956BB631E4A66FD00149FA9 /* ProgressReportHeader.swift */ = {isa = PBXFileReference; fileEncoding = 4; lastKnownFileType = sourcecode.swift; path = ProgressReportHeader.swift; sourceTree = "<group>"; };
		4957CF051D46909800487039 /* break.entitlements */ = {isa = PBXFileReference; lastKnownFileType = text.plist.entitlements; path = break.entitlements; sourceTree = "<group>"; };
		495D1D191CFE0B54006F55C2 /* StartupTableViewController.swift */ = {isa = PBXFileReference; fileEncoding = 4; lastKnownFileType = sourcecode.swift; path = StartupTableViewController.swift; sourceTree = "<group>"; };
		496FA3931E5FCEE700822436 /* CourseDetailTableViewCell.swift */ = {isa = PBXFileReference; fileEncoding = 4; lastKnownFileType = sourcecode.swift; path = CourseDetailTableViewCell.swift; sourceTree = "<group>"; };
		498280791CEE4C34001A5000 /* SchoolLoopTrendScore.swift */ = {isa = PBXFileReference; fileEncoding = 4; lastKnownFileType = sourcecode.swift; path = SchoolLoopTrendScore.swift; sourceTree = "<group>"; };
		4982807D1CEE4E95001A5000 /* TrendScore.swift */ = {isa = PBXFileReference; fileEncoding = 4; lastKnownFileType = sourcecode.swift; lineEnding = 0; path = TrendScore.swift; sourceTree = "<group>"; xcLanguageSpecificationIdentifier = xcode.lang.swift; };
		498665541C8D24E9004BA249 /* AppDelegate.swift */ = {isa = PBXFileReference; fileEncoding = 4; lastKnownFileType = sourcecode.swift; lineEnding = 0; path = AppDelegate.swift; sourceTree = "<group>"; xcLanguageSpecificationIdentifier = xcode.lang.swift; };
		498665561C8D24E9004BA249 /* AssignmentDescriptionViewController.swift */ = {isa = PBXFileReference; fileEncoding = 4; lastKnownFileType = sourcecode.swift; path = AssignmentDescriptionViewController.swift; sourceTree = "<group>"; };
		498665571C8D24E9004BA249 /* AssignmentsViewController.swift */ = {isa = PBXFileReference; fileEncoding = 4; lastKnownFileType = sourcecode.swift; lineEnding = 0; path = AssignmentsViewController.swift; sourceTree = "<group>"; xcLanguageSpecificationIdentifier = xcode.lang.swift; };
		498665581C8D24E9004BA249 /* AssignmentTableViewCell.swift */ = {isa = PBXFileReference; fileEncoding = 4; lastKnownFileType = sourcecode.swift; path = AssignmentTableViewCell.swift; sourceTree = "<group>"; };
		4986655A1C8D24E9004BA249 /* CoursesViewController.swift */ = {isa = PBXFileReference; fileEncoding = 4; lastKnownFileType = sourcecode.swift; lineEnding = 0; path = CoursesViewController.swift; sourceTree = "<group>"; xcLanguageSpecificationIdentifier = xcode.lang.swift; };
		4986655B1C8D24E9004BA249 /* CourseTableViewCell.swift */ = {isa = PBXFileReference; fileEncoding = 4; lastKnownFileType = sourcecode.swift; path = CourseTableViewCell.swift; sourceTree = "<group>"; };
		4986655C1C8D24E9004BA249 /* GradeTableViewCell.swift */ = {isa = PBXFileReference; fileEncoding = 4; lastKnownFileType = sourcecode.swift; path = GradeTableViewCell.swift; sourceTree = "<group>"; };
		4986655D1C8D24E9004BA249 /* ProgressReportViewController.swift */ = {isa = PBXFileReference; fileEncoding = 4; lastKnownFileType = sourcecode.swift; lineEnding = 0; path = ProgressReportViewController.swift; sourceTree = "<group>"; xcLanguageSpecificationIdentifier = xcode.lang.swift; };
		4986655F1C8D24E9004BA249 /* LockerItemCollectionViewCell.swift */ = {isa = PBXFileReference; fileEncoding = 4; lastKnownFileType = sourcecode.swift; path = LockerItemCollectionViewCell.swift; sourceTree = "<group>"; };
		498665611C8D24E9004BA249 /* LockerViewController.swift */ = {isa = PBXFileReference; fileEncoding = 4; lastKnownFileType = sourcecode.swift; lineEnding = 0; path = LockerViewController.swift; sourceTree = "<group>"; xcLanguageSpecificationIdentifier = xcode.lang.swift; };
		498665621C8D24E9004BA249 /* LoginViewController.swift */ = {isa = PBXFileReference; fileEncoding = 4; lastKnownFileType = sourcecode.swift; lineEnding = 0; path = LoginViewController.swift; sourceTree = "<group>"; xcLanguageSpecificationIdentifier = xcode.lang.swift; };
		498665641C8D24E9004BA249 /* LoopMailMessageViewController.swift */ = {isa = PBXFileReference; fileEncoding = 4; lastKnownFileType = sourcecode.swift; path = LoopMailMessageViewController.swift; sourceTree = "<group>"; };
		498665651C8D24E9004BA249 /* LoopMailTableViewCell.swift */ = {isa = PBXFileReference; fileEncoding = 4; lastKnownFileType = sourcecode.swift; path = LoopMailTableViewCell.swift; sourceTree = "<group>"; };
		498665661C8D24E9004BA249 /* LoopMailViewController.swift */ = {isa = PBXFileReference; fileEncoding = 4; lastKnownFileType = sourcecode.swift; lineEnding = 0; path = LoopMailViewController.swift; sourceTree = "<group>"; xcLanguageSpecificationIdentifier = xcode.lang.swift; };
		498665671C8D24E9004BA249 /* Main.storyboard */ = {isa = PBXFileReference; fileEncoding = 4; lastKnownFileType = file.storyboard; name = Main.storyboard; path = ../break/Main.storyboard; sourceTree = "<group>"; };
		498665691C8D24E9004BA249 /* NewsDescriptionViewController.swift */ = {isa = PBXFileReference; fileEncoding = 4; lastKnownFileType = sourcecode.swift; path = NewsDescriptionViewController.swift; sourceTree = "<group>"; };
		4986656A1C8D24E9004BA249 /* NewsTableViewCell.swift */ = {isa = PBXFileReference; fileEncoding = 4; lastKnownFileType = sourcecode.swift; path = NewsTableViewCell.swift; sourceTree = "<group>"; };
		4986656B1C8D24E9004BA249 /* NewsViewController.swift */ = {isa = PBXFileReference; fileEncoding = 4; lastKnownFileType = sourcecode.swift; lineEnding = 0; path = NewsViewController.swift; sourceTree = "<group>"; xcLanguageSpecificationIdentifier = xcode.lang.swift; };
		4986656D1C8D24E9004BA249 /* AccountTableViewController.swift */ = {isa = PBXFileReference; fileEncoding = 4; lastKnownFileType = sourcecode.swift; lineEnding = 0; path = AccountTableViewController.swift; sourceTree = "<group>"; xcLanguageSpecificationIdentifier = xcode.lang.swift; };
		4986656E1C8D24E9004BA249 /* Settings.storyboard */ = {isa = PBXFileReference; fileEncoding = 4; lastKnownFileType = file.storyboard; path = Settings.storyboard; sourceTree = "<group>"; };
		4986656F1C8D24E9004BA249 /* SettingsTableViewController.swift */ = {isa = PBXFileReference; fileEncoding = 4; lastKnownFileType = sourcecode.swift; path = SettingsTableViewController.swift; sourceTree = "<group>"; };
		498665721C8D24E9004BA249 /* Info.plist */ = {isa = PBXFileReference; fileEncoding = 4; lastKnownFileType = text.plist.xml; path = Info.plist; sourceTree = "<group>"; };
		498665731C8D24E9004BA249 /* LaunchScreen.storyboard */ = {isa = PBXFileReference; fileEncoding = 4; lastKnownFileType = file.storyboard; path = LaunchScreen.storyboard; sourceTree = "<group>"; };
		49989A4B1EA44C9B00F95A65 /* NotificationsTableViewController.swift */ = {isa = PBXFileReference; fileEncoding = 4; lastKnownFileType = sourcecode.swift; path = NotificationsTableViewController.swift; sourceTree = "<group>"; };
		4998B29C1EB51B6D00044A14 /* WebViewToSafariViewControllerShimViewController.swift */ = {isa = PBXFileReference; fileEncoding = 4; lastKnownFileType = sourcecode.swift; path = WebViewToSafariViewControllerShimViewController.swift; sourceTree = "<group>"; };
		4998B29E1EB5665800044A14 /* breakSafariViewController.swift */ = {isa = PBXFileReference; fileEncoding = 4; lastKnownFileType = sourcecode.swift; path = breakSafariViewController.swift; sourceTree = "<group>"; };
		49AC180A1E03DA1B00DB8159 /* SchoolLoopComputableCategory.swift */ = {isa = PBXFileReference; fileEncoding = 4; lastKnownFileType = sourcecode.swift; path = SchoolLoopComputableCategory.swift; sourceTree = "<group>"; };
		49AC180C1E03DA3E00DB8159 /* SchoolLoopComputableGrade.swift */ = {isa = PBXFileReference; fileEncoding = 4; lastKnownFileType = sourcecode.swift; path = SchoolLoopComputableGrade.swift; sourceTree = "<group>"; };
		49C9888D1EA32D62000AF3CF /* Preferences.swift */ = {isa = PBXFileReference; fileEncoding = 4; lastKnownFileType = sourcecode.swift; path = Preferences.swift; sourceTree = "<group>"; };
		49CC70951CD1CF53000566D4 /* SecurityTableViewController.swift */ = {isa = PBXFileReference; fileEncoding = 4; lastKnownFileType = sourcecode.swift; path = SecurityTableViewController.swift; sourceTree = "<group>"; };
		49CEE9A81CF739B600440802 /* SchoolLoopCutoff.swift */ = {isa = PBXFileReference; fileEncoding = 4; lastKnownFileType = sourcecode.swift; path = SchoolLoopCutoff.swift; sourceTree = "<group>"; };
		49D04A301CD58B7200CB6650 /* ComplicationController.swift */ = {isa = PBXFileReference; fileEncoding = 4; lastKnownFileType = sourcecode.swift; lineEnding = 0; path = ComplicationController.swift; sourceTree = "<group>"; xcLanguageSpecificationIdentifier = xcode.lang.swift; };
		49D04A321CD58B9300CB6650 /* Assets.xcassets */ = {isa = PBXFileReference; lastKnownFileType = folder.assetcatalog; path = Assets.xcassets; sourceTree = "<group>"; };
		49DC05B91CCDEDDD0090578F /* Assets.xcassets */ = {isa = PBXFileReference; lastKnownFileType = folder.assetcatalog; path = Assets.xcassets; sourceTree = "<group>"; };
		49DC05BD1CCDF29C0090578F /* CourseRowController.swift */ = {isa = PBXFileReference; fileEncoding = 4; lastKnownFileType = sourcecode.swift; name = CourseRowController.swift; path = "break-watchOS Extension/CourseRowController.swift"; sourceTree = SOURCE_ROOT; };
		49DC05CD1CCFD7440090578F /* ProgressReportInterfaceController.swift */ = {isa = PBXFileReference; fileEncoding = 4; lastKnownFileType = sourcecode.swift; lineEnding = 0; path = ProgressReportInterfaceController.swift; sourceTree = "<group>"; xcLanguageSpecificationIdentifier = xcode.lang.swift; };
		49DC05CF1CCFD9E80090578F /* GradeRowController.swift */ = {isa = PBXFileReference; fileEncoding = 4; lastKnownFileType = sourcecode.swift; path = GradeRowController.swift; sourceTree = "<group>"; };
		49DF2B291CF3BDE200DC1EB7 /* GradeViewController.swift */ = {isa = PBXFileReference; fileEncoding = 4; lastKnownFileType = sourcecode.swift; path = GradeViewController.swift; sourceTree = "<group>"; };
		49DF2B2D1CF3BDF900DC1EB7 /* CourseViewController.swift */ = {isa = PBXFileReference; fileEncoding = 4; lastKnownFileType = sourcecode.swift; path = CourseViewController.swift; sourceTree = "<group>"; };
		49E1BD081CF006EE002E819D /* SchoolLoopCategory.swift */ = {isa = PBXFileReference; fileEncoding = 4; lastKnownFileType = sourcecode.swift; path = SchoolLoopCategory.swift; sourceTree = "<group>"; };
/* End PBXFileReference section */

/* Begin PBXFrameworksBuildPhase section */
		4906AB821CCDBFBA00610448 /* Frameworks */ = {
			isa = PBXFrameworksBuildPhase;
			buildActionMask = 2147483647;
			files = (
			);
			runOnlyForDeploymentPostprocessing = 0;
		};
		493E17731C63E95000AFC7A6 /* Frameworks */ = {
			isa = PBXFrameworksBuildPhase;
			buildActionMask = 2147483647;
			files = (
			);
			runOnlyForDeploymentPostprocessing = 0;
		};
		493E17871C63E95000AFC7A6 /* Frameworks */ = {
			isa = PBXFrameworksBuildPhase;
			buildActionMask = 2147483647;
			files = (
			);
			runOnlyForDeploymentPostprocessing = 0;
		};
		493E17921C63E95000AFC7A6 /* Frameworks */ = {
			isa = PBXFrameworksBuildPhase;
			buildActionMask = 2147483647;
			files = (
			);
			runOnlyForDeploymentPostprocessing = 0;
		};
/* End PBXFrameworksBuildPhase section */

/* Begin PBXGroup section */
		4905293D1CE58787006190C4 /* SchoolLoop */ = {
			isa = PBXGroup;
			children = (
				4905293E1CE58787006190C4 /* SchoolLoop.swift */,
				4905293F1CE58787006190C4 /* SchoolLoopAccount.swift */,
				490529401CE58787006190C4 /* SchoolLoopAssignment.swift */,
				49E1BD081CF006EE002E819D /* SchoolLoopCategory.swift */,
				49489F2D1DDAA2060039126D /* SchoolLoopComposedLoopMail.swift */,
				49AC180A1E03DA1B00DB8159 /* SchoolLoopComputableCategory.swift */,
				4954C2851E03D9BC00564D28 /* SchoolLoopComputableCourse.swift */,
				49AC180C1E03DA3E00DB8159 /* SchoolLoopComputableGrade.swift */,
				490529411CE58787006190C4 /* SchoolLoopConstants.swift */,
				49489F2A1DDA9EEE0039126D /* SchoolLoopContact.swift */,
				490529421CE58787006190C4 /* SchoolLoopCourse.swift */,
				49CEE9A81CF739B600440802 /* SchoolLoopCutoff.swift */,
				490529431CE58787006190C4 /* SchoolLoopError.swift */,
				490529441CE58787006190C4 /* SchoolLoopGrade.swift */,
				490529451CE58787006190C4 /* SchoolLoopKeychain.swift */,
				490529461CE58787006190C4 /* SchoolLoopLockerItem.swift */,
				490529471CE58787006190C4 /* SchoolLoopLockerItemType.swift */,
				490529481CE58787006190C4 /* SchoolLoopLoopMail.swift */,
				490529491CE58787006190C4 /* SchoolLoopNews.swift */,
				4905294A1CE58787006190C4 /* SchoolLoopSchool.swift */,
				498280791CEE4C34001A5000 /* SchoolLoopTrendScore.swift */,
			);
			path = SchoolLoop;
			sourceTree = "<group>";
		};
		4906AB7A1CCDBFBA00610448 /* break-watchOS */ = {
			isa = PBXGroup;
			children = (
				4906AB7B1CCDBFBA00610448 /* Interface.storyboard */,
				4906AB801CCDBFBA00610448 /* Info.plist */,
			);
			path = "break-watchOS";
			sourceTree = "<group>";
		};
		4906AB891CCDBFBB00610448 /* break-watchOS Extension */ = {
			isa = PBXGroup;
			children = (
				49DC05BD1CCDF29C0090578F /* CourseRowController.swift */,
				49D04A301CD58B7200CB6650 /* ComplicationController.swift */,
				4906AB9C1CCDE79B00610448 /* CoursesInterfaceController.swift */,
				49DC05CF1CCFD9E80090578F /* GradeRowController.swift */,
				4906AB8C1CCDBFBB00610448 /* ExtensionDelegate.swift */,
				49DC05CD1CCFD7440090578F /* ProgressReportInterfaceController.swift */,
				4906AB901CCDBFBB00610448 /* Info.plist */,
				49D04A321CD58B9300CB6650 /* Assets.xcassets */,
			);
			path = "break-watchOS Extension";
			sourceTree = "<group>";
		};
		493E176D1C63E95000AFC7A6 = {
			isa = PBXGroup;
			children = (
				493E17781C63E95000AFC7A6 /* break */,
				493E178D1C63E95000AFC7A6 /* breakTests */,
				493E17981C63E95000AFC7A6 /* breakUITests */,
				4906AB7A1CCDBFBA00610448 /* break-watchOS */,
				4906AB891CCDBFBB00610448 /* break-watchOS Extension */,
				493E17771C63E95000AFC7A6 /* Products */,
			);
			sourceTree = "<group>";
		};
		493E17771C63E95000AFC7A6 /* Products */ = {
			isa = PBXGroup;
			children = (
				493E17761C63E95000AFC7A6 /* break.app */,
				493E178A1C63E95000AFC7A6 /* breakTests.xctest */,
				493E17951C63E95000AFC7A6 /* breakUITests.xctest */,
				4906AB791CCDBFB800610448 /* break-watchOS.app */,
				4906AB851CCDBFBA00610448 /* break-watchOS Extension.appex */,
			);
			name = Products;
			sourceTree = "<group>";
		};
		493E17781C63E95000AFC7A6 /* break */ = {
			isa = PBXGroup;
			children = (
				4957CF051D46909800487039 /* break.entitlements */,
				498665531C8D24E9004BA249 /* break */,
				498665701C8D24E9004BA249 /* Resources */,
				4905293D1CE58787006190C4 /* SchoolLoop */,
			);
			path = break;
			sourceTree = "<group>";
		};
		493E178D1C63E95000AFC7A6 /* breakTests */ = {
			isa = PBXGroup;
			children = (
				493E178E1C63E95000AFC7A6 /* breakTests.swift */,
				493E17901C63E95000AFC7A6 /* Info.plist */,
			);
			path = breakTests;
			sourceTree = "<group>";
		};
		493E17981C63E95000AFC7A6 /* breakUITests */ = {
			isa = PBXGroup;
			children = (
				493E17991C63E95000AFC7A6 /* breakUITests.swift */,
				493E179B1C63E95000AFC7A6 /* Info.plist */,
			);
			path = breakUITests;
			sourceTree = "<group>";
		};
		498665531C8D24E9004BA249 /* break */ = {
			isa = PBXGroup;
			children = (
				498665541C8D24E9004BA249 /* AppDelegate.swift */,
				4998B29C1EB51B6D00044A14 /* WebViewToSafariViewControllerShimViewController.swift */,
				4998B29E1EB5665800044A14 /* breakSafariViewController.swift */,
				495574861CA6081100193EE5 /* Logger.swift */,
				498665621C8D24E9004BA249 /* LoginViewController.swift */,
				498665551C8D24E9004BA249 /* Assignments */,
				498665591C8D24E9004BA249 /* Courses */,
				4986655E1C8D24E9004BA249 /* Locker */,
				498665631C8D24E9004BA249 /* LoopMail */,
				498665681C8D24E9004BA249 /* News */,
				4986656C1C8D24E9004BA249 /* Settings */,
			);
			path = break;
			sourceTree = "<group>";
		};
		498665551C8D24E9004BA249 /* Assignments */ = {
			isa = PBXGroup;
			children = (
				498665561C8D24E9004BA249 /* AssignmentDescriptionViewController.swift */,
				498665571C8D24E9004BA249 /* AssignmentsViewController.swift */,
				498665581C8D24E9004BA249 /* AssignmentTableViewCell.swift */,
			);
			path = Assignments;
			sourceTree = "<group>";
		};
		498665591C8D24E9004BA249 /* Courses */ = {
			isa = PBXGroup;
			children = (
				496FA3931E5FCEE700822436 /* CourseDetailTableViewCell.swift */,
				4986655A1C8D24E9004BA249 /* CoursesViewController.swift */,
				4986655B1C8D24E9004BA249 /* CourseTableViewCell.swift */,
				49DF2B2D1CF3BDF900DC1EB7 /* CourseViewController.swift */,
				4986655C1C8D24E9004BA249 /* GradeTableViewCell.swift */,
				49DF2B291CF3BDE200DC1EB7 /* GradeViewController.swift */,
				4956BB631E4A66FD00149FA9 /* ProgressReportHeader.swift */,
				4901A5E41E5501E200CC2E41 /* ProgressReportHeaderTableViewCell.swift */,
				4986655D1C8D24E9004BA249 /* ProgressReportViewController.swift */,
				4982807D1CEE4E95001A5000 /* TrendScore.swift */,
				4943D6FE1E5AB48E005EBB15 /* ViewMode.swift */,
				4943D6FC1E5AB280005EBB15 /* ViewModesViewController.swift */,
			);
			path = Courses;
			sourceTree = "<group>";
		};
		4986655E1C8D24E9004BA249 /* Locker */ = {
			isa = PBXGroup;
			children = (
				4986655F1C8D24E9004BA249 /* LockerItemCollectionViewCell.swift */,
				498665611C8D24E9004BA249 /* LockerViewController.swift */,
			);
			path = Locker;
			sourceTree = "<group>";
		};
		498665631C8D24E9004BA249 /* LoopMail */ = {
			isa = PBXGroup;
			children = (
				4931EAF41DDA9572001CBB1D /* LoopMailComposeTableViewCell.swift */,
				4931EAF21DDA936F001CBB1D /* LoopMailComposeViewController.swift */,
				49489F281DDA9D500039126D /* LoopMailContactsViewController.swift */,
				498665641C8D24E9004BA249 /* LoopMailMessageViewController.swift */,
				498665651C8D24E9004BA249 /* LoopMailTableViewCell.swift */,
				498665661C8D24E9004BA249 /* LoopMailViewController.swift */,
			);
			path = LoopMail;
			sourceTree = "<group>";
		};
		498665681C8D24E9004BA249 /* News */ = {
			isa = PBXGroup;
			children = (
				498665691C8D24E9004BA249 /* NewsDescriptionViewController.swift */,
				4986656A1C8D24E9004BA249 /* NewsTableViewCell.swift */,
				4986656B1C8D24E9004BA249 /* NewsViewController.swift */,
			);
			path = News;
			sourceTree = "<group>";
		};
		4986656C1C8D24E9004BA249 /* Settings */ = {
			isa = PBXGroup;
			children = (
				4986656E1C8D24E9004BA249 /* Settings.storyboard */,
				49C9888D1EA32D62000AF3CF /* Preferences.swift */,
				4986656D1C8D24E9004BA249 /* AccountTableViewController.swift */,
				495574881CA6112000193EE5 /* LoggerViewController.swift */,
				49989A4B1EA44C9B00F95A65 /* NotificationsTableViewController.swift */,
				49CC70951CD1CF53000566D4 /* SecurityTableViewController.swift */,
				4986656F1C8D24E9004BA249 /* SettingsTableViewController.swift */,
				495D1D191CFE0B54006F55C2 /* StartupTableViewController.swift */,
			);
			path = Settings;
			sourceTree = "<group>";
		};
		498665701C8D24E9004BA249 /* Resources */ = {
			isa = PBXGroup;
			children = (
				49DC05B91CCDEDDD0090578F /* Assets.xcassets */,
				493DDDEB1EA71AEA006104D4 /* AppIcon.xcassets */,
				498665721C8D24E9004BA249 /* Info.plist */,
				498665731C8D24E9004BA249 /* LaunchScreen.storyboard */,
				498665671C8D24E9004BA249 /* Main.storyboard */,
			);
			path = Resources;
			sourceTree = "<group>";
		};
/* End PBXGroup section */

/* Begin PBXNativeTarget section */
		4906AB781CCDBFB800610448 /* break-watchOS */ = {
			isa = PBXNativeTarget;
			buildConfigurationList = 4906AB9A1CCDBFBB00610448 /* Build configuration list for PBXNativeTarget "break-watchOS" */;
			buildPhases = (
				4906AB771CCDBFB800610448 /* Resources */,
				4906AB991CCDBFBB00610448 /* Embed App Extensions */,
			);
			buildRules = (
			);
			dependencies = (
				4906AB881CCDBFBB00610448 /* PBXTargetDependency */,
			);
			name = "break-watchOS";
			productName = "break-watchOS";
			productReference = 4906AB791CCDBFB800610448 /* break-watchOS.app */;
			productType = "com.apple.product-type.application.watchapp2";
		};
		4906AB841CCDBFBA00610448 /* break-watchOS Extension */ = {
			isa = PBXNativeTarget;
			buildConfigurationList = 4906AB981CCDBFBB00610448 /* Build configuration list for PBXNativeTarget "break-watchOS Extension" */;
			buildPhases = (
				4906AB811CCDBFBA00610448 /* Sources */,
				4906AB821CCDBFBA00610448 /* Frameworks */,
				4906AB831CCDBFBA00610448 /* Resources */,
			);
			buildRules = (
			);
			dependencies = (
			);
			name = "break-watchOS Extension";
			productName = "break-watchOS Extension";
			productReference = 4906AB851CCDBFBA00610448 /* break-watchOS Extension.appex */;
			productType = "com.apple.product-type.watchkit2-extension";
		};
		493E17751C63E95000AFC7A6 /* break */ = {
			isa = PBXNativeTarget;
			buildConfigurationList = 493E179E1C63E95000AFC7A6 /* Build configuration list for PBXNativeTarget "break" */;
			buildPhases = (
				493E17721C63E95000AFC7A6 /* Sources */,
				493E17731C63E95000AFC7A6 /* Frameworks */,
				493E17741C63E95000AFC7A6 /* Resources */,
				4906AB9B1CCDBFBB00610448 /* Embed Watch Content */,
			);
			buildRules = (
			);
			dependencies = (
				4906AB921CCDBFBB00610448 /* PBXTargetDependency */,
			);
			name = break;
			productName = break;
			productReference = 493E17761C63E95000AFC7A6 /* break.app */;
			productType = "com.apple.product-type.application";
		};
		493E17891C63E95000AFC7A6 /* breakTests */ = {
			isa = PBXNativeTarget;
			buildConfigurationList = 493E17A11C63E95000AFC7A6 /* Build configuration list for PBXNativeTarget "breakTests" */;
			buildPhases = (
				493E17861C63E95000AFC7A6 /* Sources */,
				493E17871C63E95000AFC7A6 /* Frameworks */,
				493E17881C63E95000AFC7A6 /* Resources */,
			);
			buildRules = (
			);
			dependencies = (
				493E178C1C63E95000AFC7A6 /* PBXTargetDependency */,
			);
			name = breakTests;
			productName = breakTests;
			productReference = 493E178A1C63E95000AFC7A6 /* breakTests.xctest */;
			productType = "com.apple.product-type.bundle.unit-test";
		};
		493E17941C63E95000AFC7A6 /* breakUITests */ = {
			isa = PBXNativeTarget;
			buildConfigurationList = 493E17A41C63E95000AFC7A6 /* Build configuration list for PBXNativeTarget "breakUITests" */;
			buildPhases = (
				493E17911C63E95000AFC7A6 /* Sources */,
				493E17921C63E95000AFC7A6 /* Frameworks */,
				493E17931C63E95000AFC7A6 /* Resources */,
			);
			buildRules = (
			);
			dependencies = (
				493E17971C63E95000AFC7A6 /* PBXTargetDependency */,
			);
			name = breakUITests;
			productName = breakUITests;
			productReference = 493E17951C63E95000AFC7A6 /* breakUITests.xctest */;
			productType = "com.apple.product-type.bundle.ui-testing";
		};
/* End PBXNativeTarget section */

/* Begin PBXProject section */
		493E176E1C63E95000AFC7A6 /* Project object */ = {
			isa = PBXProject;
			attributes = {
				LastSwiftUpdateCheck = 0730;
				LastUpgradeCheck = 0810;
				ORGANIZATIONNAME = "Saagar Jha";
				TargetAttributes = {
					4906AB781CCDBFB800610448 = {
						CreatedOnToolsVersion = 7.3;
						DevelopmentTeam = 3493UDPWAK;
						LastSwiftMigration = 0800;
					};
					4906AB841CCDBFBA00610448 = {
						CreatedOnToolsVersion = 7.3;
						DevelopmentTeam = 3493UDPWAK;
						LastSwiftMigration = 0800;
					};
					493E17751C63E95000AFC7A6 = {
						CreatedOnToolsVersion = 7.2.1;
						DevelopmentTeam = 3493UDPWAK;
						LastSwiftMigration = 0800;
						SystemCapabilities = {
							com.apple.BackgroundModes = {
								enabled = 1;
							};
							com.apple.DataProtection = {
								enabled = 1;
							};
						};
					};
					493E17891C63E95000AFC7A6 = {
						CreatedOnToolsVersion = 7.2.1;
						DevelopmentTeam = X4A9GH5NN2;
						LastSwiftMigration = 0800;
						TestTargetID = 493E17751C63E95000AFC7A6;
					};
					493E17941C63E95000AFC7A6 = {
						CreatedOnToolsVersion = 7.2.1;
						DevelopmentTeam = X4A9GH5NN2;
						LastSwiftMigration = 0800;
						TestTargetID = 493E17751C63E95000AFC7A6;
					};
				};
			};
			buildConfigurationList = 493E17711C63E95000AFC7A6 /* Build configuration list for PBXProject "break" */;
			compatibilityVersion = "Xcode 3.2";
			developmentRegion = English;
			hasScannedForEncodings = 0;
			knownRegions = (
				en,
				Base,
			);
			mainGroup = 493E176D1C63E95000AFC7A6;
			productRefGroup = 493E17771C63E95000AFC7A6 /* Products */;
			projectDirPath = "";
			projectRoot = "";
			targets = (
				493E17751C63E95000AFC7A6 /* break */,
				493E17891C63E95000AFC7A6 /* breakTests */,
				493E17941C63E95000AFC7A6 /* breakUITests */,
				4906AB781CCDBFB800610448 /* break-watchOS */,
				4906AB841CCDBFBA00610448 /* break-watchOS Extension */,
			);
		};
/* End PBXProject section */

/* Begin PBXResourcesBuildPhase section */
		4906AB771CCDBFB800610448 /* Resources */ = {
			isa = PBXResourcesBuildPhase;
			buildActionMask = 2147483647;
			files = (
				493DDDED1EA71B0D006104D4 /* AppIcon.xcassets in Resources */,
				4906AB7D1CCDBFBA00610448 /* Interface.storyboard in Resources */,
			);
			runOnlyForDeploymentPostprocessing = 0;
		};
		4906AB831CCDBFBA00610448 /* Resources */ = {
			isa = PBXResourcesBuildPhase;
			buildActionMask = 2147483647;
			files = (
				49D04A331CD58B9300CB6650 /* Assets.xcassets in Resources */,
			);
			runOnlyForDeploymentPostprocessing = 0;
		};
		493E17741C63E95000AFC7A6 /* Resources */ = {
			isa = PBXResourcesBuildPhase;
			buildActionMask = 2147483647;
			files = (
				493DDDEC1EA71AEA006104D4 /* AppIcon.xcassets in Resources */,
				4986659E1C8D24E9004BA249 /* Main.storyboard in Resources */,
				498665A71C8D24E9004BA249 /* LaunchScreen.storyboard in Resources */,
				49DC05BA1CCDEDDD0090578F /* Assets.xcassets in Resources */,
				498665A31C8D24E9004BA249 /* Settings.storyboard in Resources */,
			);
			runOnlyForDeploymentPostprocessing = 0;
		};
		493E17881C63E95000AFC7A6 /* Resources */ = {
			isa = PBXResourcesBuildPhase;
			buildActionMask = 2147483647;
			files = (
			);
			runOnlyForDeploymentPostprocessing = 0;
		};
		493E17931C63E95000AFC7A6 /* Resources */ = {
			isa = PBXResourcesBuildPhase;
			buildActionMask = 2147483647;
			files = (
			);
			runOnlyForDeploymentPostprocessing = 0;
		};
/* End PBXResourcesBuildPhase section */

/* Begin PBXSourcesBuildPhase section */
		4906AB811CCDBFBA00610448 /* Sources */ = {
			isa = PBXSourcesBuildPhase;
			buildActionMask = 2147483647;
			files = (
				49CEE9AA1CF7426000440802 /* SchoolLoopCutoff.swift in Sources */,
				49DC05CE1CCFD7440090578F /* ProgressReportInterfaceController.swift in Sources */,
				490529541CE58787006190C4 /* SchoolLoopCourse.swift in Sources */,
				4905294E1CE58787006190C4 /* SchoolLoopAccount.swift in Sources */,
				49DC05CC1CCDF4910090578F /* CourseRowController.swift in Sources */,
				49AC180F1E03E30200DB8159 /* SchoolLoopComputableCategory.swift in Sources */,
				4905294C1CE58787006190C4 /* SchoolLoop.swift in Sources */,
				490529641CE58787006190C4 /* SchoolLoopSchool.swift in Sources */,
				49AC180E1E03E30200DB8159 /* SchoolLoopComputableCourse.swift in Sources */,
				4906AB8D1CCDBFBB00610448 /* ExtensionDelegate.swift in Sources */,
				49D04A311CD58B7200CB6650 /* ComplicationController.swift in Sources */,
				4982807F1CEE5037001A5000 /* SchoolLoopTrendScore.swift in Sources */,
				49DC05D01CCFD9E80090578F /* GradeRowController.swift in Sources */,
				490529561CE58787006190C4 /* SchoolLoopError.swift in Sources */,
				4905295A1CE58787006190C4 /* SchoolLoopKeychain.swift in Sources */,
				490529501CE58787006190C4 /* SchoolLoopAssignment.swift in Sources */,
				4906AB9D1CCDE79B00610448 /* CoursesInterfaceController.swift in Sources */,
				49AC18101E03E30200DB8159 /* SchoolLoopComputableGrade.swift in Sources */,
				4905295E1CE58787006190C4 /* SchoolLoopLockerItemType.swift in Sources */,
				49489F2F1DDAA2D90039126D /* SchoolLoopComposedLoopMail.swift in Sources */,
				490529581CE58787006190C4 /* SchoolLoopGrade.swift in Sources */,
				4905295C1CE58787006190C4 /* SchoolLoopLockerItem.swift in Sources */,
				49D72F0D1CF016170054D8CE /* SchoolLoopCategory.swift in Sources */,
				49489F2C1DDAA1090039126D /* SchoolLoopContact.swift in Sources */,
				490529521CE58787006190C4 /* SchoolLoopConstants.swift in Sources */,
				490529621CE58787006190C4 /* SchoolLoopNews.swift in Sources */,
				490529601CE58787006190C4 /* SchoolLoopLoopMail.swift in Sources */,
			);
			runOnlyForDeploymentPostprocessing = 0;
		};
		493E17721C63E95000AFC7A6 /* Sources */ = {
			isa = PBXSourcesBuildPhase;
			buildActionMask = 2147483647;
			files = (
				490529591CE58787006190C4 /* SchoolLoopKeychain.swift in Sources */,
				4986659D1C8D24E9004BA249 /* LoopMailViewController.swift in Sources */,
				49E1BD091CF006EE002E819D /* SchoolLoopCategory.swift in Sources */,
				4943D6FD1E5AB281005EBB15 /* ViewModesViewController.swift in Sources */,
				4986659B1C8D24E9004BA249 /* LoopMailMessageViewController.swift in Sources */,
				495574891CA6112000193EE5 /* LoggerViewController.swift in Sources */,
				4986659A1C8D24E9004BA249 /* LoginViewController.swift in Sources */,
				4943D6FF1E5AB48E005EBB15 /* ViewMode.swift in Sources */,
				498665921C8D24E9004BA249 /* AssignmentTableViewCell.swift in Sources */,
				498665961C8D24E9004BA249 /* ProgressReportViewController.swift in Sources */,
				4905295F1CE58787006190C4 /* SchoolLoopLoopMail.swift in Sources */,
				49CC70961CD1CF53000566D4 /* SecurityTableViewController.swift in Sources */,
				490529551CE58787006190C4 /* SchoolLoopError.swift in Sources */,
				490529631CE58787006190C4 /* SchoolLoopSchool.swift in Sources */,
				49AC180B1E03DA1B00DB8159 /* SchoolLoopComputableCategory.swift in Sources */,
				498665971C8D24E9004BA249 /* LockerItemCollectionViewCell.swift in Sources */,
				495D1D1A1CFE0B54006F55C2 /* StartupTableViewController.swift in Sources */,
				498665951C8D24E9004BA249 /* GradeTableViewCell.swift in Sources */,
				4982807E1CEE4E95001A5000 /* TrendScore.swift in Sources */,
				495574871CA6081100193EE5 /* Logger.swift in Sources */,
				498665911C8D24E9004BA249 /* AssignmentsViewController.swift in Sources */,
				4982807A1CEE4C34001A5000 /* SchoolLoopTrendScore.swift in Sources */,
				49C9888E1EA32D62000AF3CF /* Preferences.swift in Sources */,
				498665941C8D24E9004BA249 /* CourseTableViewCell.swift in Sources */,
				49489F2B1DDA9EEE0039126D /* SchoolLoopContact.swift in Sources */,
				4986659C1C8D24E9004BA249 /* LoopMailTableViewCell.swift in Sources */,
				49DF2B2A1CF3BDE200DC1EB7 /* GradeViewController.swift in Sources */,
				498665A21C8D24E9004BA249 /* AccountTableViewController.swift in Sources */,
				4931EAF31DDA936F001CBB1D /* LoopMailComposeViewController.swift in Sources */,
				498665991C8D24E9004BA249 /* LockerViewController.swift in Sources */,
				49CEE9A91CF739B600440802 /* SchoolLoopCutoff.swift in Sources */,
				4905295D1CE58787006190C4 /* SchoolLoopLockerItemType.swift in Sources */,
				498665901C8D24E9004BA249 /* AssignmentDescriptionViewController.swift in Sources */,
				490529571CE58787006190C4 /* SchoolLoopGrade.swift in Sources */,
				4986658F1C8D24E9004BA249 /* AppDelegate.swift in Sources */,
				4931EAF51DDA9572001CBB1D /* LoopMailComposeTableViewCell.swift in Sources */,
				4901A5E51E5501E200CC2E41 /* ProgressReportHeaderTableViewCell.swift in Sources */,
				498665931C8D24E9004BA249 /* CoursesViewController.swift in Sources */,
				49AC180D1E03DA3E00DB8159 /* SchoolLoopComputableGrade.swift in Sources */,
				496FA3941E5FCEE700822436 /* CourseDetailTableViewCell.swift in Sources */,
				498665A01C8D24E9004BA249 /* NewsTableViewCell.swift in Sources */,
				49989A4C1EA44C9B00F95A65 /* NotificationsTableViewController.swift in Sources */,
				49489F291DDA9D500039126D /* LoopMailContactsViewController.swift in Sources */,
				498665A41C8D24E9004BA249 /* SettingsTableViewController.swift in Sources */,
				49489F2E1DDAA2060039126D /* SchoolLoopComposedLoopMail.swift in Sources */,
				498665A11C8D24E9004BA249 /* NewsViewController.swift in Sources */,
				4956BB641E4A66FD00149FA9 /* ProgressReportHeader.swift in Sources */,
				4905295B1CE58787006190C4 /* SchoolLoopLockerItem.swift in Sources */,
				4998B29D1EB51B6D00044A14 /* WebViewToSafariViewControllerShimViewController.swift in Sources */,
				4998B29F1EB5665800044A14 /* breakSafariViewController.swift in Sources */,
				4905294B1CE58787006190C4 /* SchoolLoop.swift in Sources */,
				4986659F1C8D24E9004BA249 /* NewsDescriptionViewController.swift in Sources */,
				4905294F1CE58787006190C4 /* SchoolLoopAssignment.swift in Sources */,
				490529531CE58787006190C4 /* SchoolLoopCourse.swift in Sources */,
				4905294D1CE58787006190C4 /* SchoolLoopAccount.swift in Sources */,
				490529611CE58787006190C4 /* SchoolLoopNews.swift in Sources */,
				490529511CE58787006190C4 /* SchoolLoopConstants.swift in Sources */,
				4954C2861E03D9BC00564D28 /* SchoolLoopComputableCourse.swift in Sources */,
				49DF2B2E1CF3BDF900DC1EB7 /* CourseViewController.swift in Sources */,
			);
			runOnlyForDeploymentPostprocessing = 0;
		};
		493E17861C63E95000AFC7A6 /* Sources */ = {
			isa = PBXSourcesBuildPhase;
			buildActionMask = 2147483647;
			files = (
				493E178F1C63E95000AFC7A6 /* breakTests.swift in Sources */,
			);
			runOnlyForDeploymentPostprocessing = 0;
		};
		493E17911C63E95000AFC7A6 /* Sources */ = {
			isa = PBXSourcesBuildPhase;
			buildActionMask = 2147483647;
			files = (
				493E179A1C63E95000AFC7A6 /* breakUITests.swift in Sources */,
			);
			runOnlyForDeploymentPostprocessing = 0;
		};
/* End PBXSourcesBuildPhase section */

/* Begin PBXTargetDependency section */
		4906AB881CCDBFBB00610448 /* PBXTargetDependency */ = {
			isa = PBXTargetDependency;
			target = 4906AB841CCDBFBA00610448 /* break-watchOS Extension */;
			targetProxy = 4906AB871CCDBFBB00610448 /* PBXContainerItemProxy */;
		};
		4906AB921CCDBFBB00610448 /* PBXTargetDependency */ = {
			isa = PBXTargetDependency;
			target = 4906AB781CCDBFB800610448 /* break-watchOS */;
			targetProxy = 4906AB911CCDBFBB00610448 /* PBXContainerItemProxy */;
		};
		493E178C1C63E95000AFC7A6 /* PBXTargetDependency */ = {
			isa = PBXTargetDependency;
			target = 493E17751C63E95000AFC7A6 /* break */;
			targetProxy = 493E178B1C63E95000AFC7A6 /* PBXContainerItemProxy */;
		};
		493E17971C63E95000AFC7A6 /* PBXTargetDependency */ = {
			isa = PBXTargetDependency;
			target = 493E17751C63E95000AFC7A6 /* break */;
			targetProxy = 493E17961C63E95000AFC7A6 /* PBXContainerItemProxy */;
		};
/* End PBXTargetDependency section */

/* Begin PBXVariantGroup section */
		4906AB7B1CCDBFBA00610448 /* Interface.storyboard */ = {
			isa = PBXVariantGroup;
			children = (
				4906AB7C1CCDBFBA00610448 /* Base */,
			);
			name = Interface.storyboard;
			sourceTree = "<group>";
		};
/* End PBXVariantGroup section */

/* Begin XCBuildConfiguration section */
		4906AB941CCDBFBB00610448 /* Debug */ = {
			isa = XCBuildConfiguration;
			buildSettings = {
				ALWAYS_EMBED_SWIFT_STANDARD_LIBRARIES = YES;
				ASSETCATALOG_COMPILER_APPICON_NAME = AppIcon;
				CLANG_ANALYZER_NONNULL = YES;
				CODE_SIGN_IDENTITY = "iPhone Developer";
				DEVELOPMENT_TEAM = 3493UDPWAK;
				IBSC_MODULE = break_watchOS_Extension;
				INFOPLIST_FILE = "break-watchOS/Info.plist";
				PRODUCT_BUNDLE_IDENTIFIER = com.saagarjha.break.watchkitapp;
				PRODUCT_NAME = "$(TARGET_NAME)";
				SDKROOT = watchos;
				SKIP_INSTALL = YES;
				SWIFT_VERSION = 3.0;
				TARGETED_DEVICE_FAMILY = 4;
				WATCHOS_DEPLOYMENT_TARGET = 2.2;
			};
			name = Debug;
		};
		4906AB951CCDBFBB00610448 /* Release */ = {
			isa = XCBuildConfiguration;
			buildSettings = {
				ALWAYS_EMBED_SWIFT_STANDARD_LIBRARIES = YES;
				ASSETCATALOG_COMPILER_APPICON_NAME = AppIcon;
				CLANG_ANALYZER_NONNULL = YES;
				CODE_SIGN_IDENTITY = "iPhone Developer";
				DEVELOPMENT_TEAM = 3493UDPWAK;
				IBSC_MODULE = break_watchOS_Extension;
				INFOPLIST_FILE = "break-watchOS/Info.plist";
				PRODUCT_BUNDLE_IDENTIFIER = com.saagarjha.break.watchkitapp;
				PRODUCT_NAME = "$(TARGET_NAME)";
				SDKROOT = watchos;
				SKIP_INSTALL = YES;
				SWIFT_VERSION = 3.0;
				TARGETED_DEVICE_FAMILY = 4;
				WATCHOS_DEPLOYMENT_TARGET = 2.2;
			};
			name = Release;
		};
		4906AB961CCDBFBB00610448 /* Debug */ = {
			isa = XCBuildConfiguration;
			buildSettings = {
				ASSETCATALOG_COMPILER_COMPLICATION_NAME = Complication;
				CLANG_ANALYZER_NONNULL = YES;
				CODE_SIGN_IDENTITY = "iPhone Developer";
				DEVELOPMENT_TEAM = 3493UDPWAK;
				INFOPLIST_FILE = "break-watchOS Extension/Info.plist";
				LD_RUNPATH_SEARCH_PATHS = "$(inherited) @executable_path/Frameworks @executable_path/../../Frameworks";
				PRODUCT_BUNDLE_IDENTIFIER = com.saagarjha.break.watchkitapp.watchkitextension;
				PRODUCT_NAME = "${TARGET_NAME}";
				SDKROOT = watchos;
				SKIP_INSTALL = YES;
				SWIFT_VERSION = 3.0;
				TARGETED_DEVICE_FAMILY = 4;
				WATCHOS_DEPLOYMENT_TARGET = 2.2;
			};
			name = Debug;
		};
		4906AB971CCDBFBB00610448 /* Release */ = {
			isa = XCBuildConfiguration;
			buildSettings = {
				ASSETCATALOG_COMPILER_COMPLICATION_NAME = Complication;
				CLANG_ANALYZER_NONNULL = YES;
				CODE_SIGN_IDENTITY = "iPhone Developer";
				DEVELOPMENT_TEAM = 3493UDPWAK;
				INFOPLIST_FILE = "break-watchOS Extension/Info.plist";
				LD_RUNPATH_SEARCH_PATHS = "$(inherited) @executable_path/Frameworks @executable_path/../../Frameworks";
				PRODUCT_BUNDLE_IDENTIFIER = com.saagarjha.break.watchkitapp.watchkitextension;
				PRODUCT_NAME = "${TARGET_NAME}";
				SDKROOT = watchos;
				SKIP_INSTALL = YES;
				SWIFT_OPTIMIZATION_LEVEL = "-Owholemodule";
				SWIFT_VERSION = 3.0;
				TARGETED_DEVICE_FAMILY = 4;
				WATCHOS_DEPLOYMENT_TARGET = 2.2;
			};
			name = Release;
		};
		493E179C1C63E95000AFC7A6 /* Debug */ = {
			isa = XCBuildConfiguration;
			buildSettings = {
				ALWAYS_SEARCH_USER_PATHS = NO;
				CLANG_CXX_LANGUAGE_STANDARD = "gnu++0x";
				CLANG_CXX_LIBRARY = "libc++";
				CLANG_ENABLE_MODULES = YES;
				CLANG_ENABLE_OBJC_ARC = YES;
				CLANG_WARN_BOOL_CONVERSION = YES;
				CLANG_WARN_CONSTANT_CONVERSION = YES;
				CLANG_WARN_DIRECT_OBJC_ISA_USAGE = YES_ERROR;
				CLANG_WARN_EMPTY_BODY = YES;
				CLANG_WARN_ENUM_CONVERSION = YES;
				CLANG_WARN_INFINITE_RECURSION = YES;
				CLANG_WARN_INT_CONVERSION = YES;
				CLANG_WARN_OBJC_ROOT_CLASS = YES_ERROR;
				CLANG_WARN_SUSPICIOUS_MOVE = YES;
				CLANG_WARN_UNREACHABLE_CODE = YES;
				CLANG_WARN__DUPLICATE_METHOD_MATCH = YES;
				"CODE_SIGN_IDENTITY[sdk=iphoneos*]" = "iPhone Developer";
				COPY_PHASE_STRIP = NO;
				DEBUG_INFORMATION_FORMAT = dwarf;
				ENABLE_STRICT_OBJC_MSGSEND = YES;
				ENABLE_TESTABILITY = YES;
				GCC_C_LANGUAGE_STANDARD = gnu99;
				GCC_DYNAMIC_NO_PIC = NO;
				GCC_NO_COMMON_BLOCKS = YES;
				GCC_OPTIMIZATION_LEVEL = 0;
				GCC_PREPROCESSOR_DEFINITIONS = (
					"DEBUG=1",
					"$(inherited)",
				);
				GCC_WARN_64_TO_32_BIT_CONVERSION = YES;
				GCC_WARN_ABOUT_RETURN_TYPE = YES_ERROR;
				GCC_WARN_UNDECLARED_SELECTOR = YES;
				GCC_WARN_UNINITIALIZED_AUTOS = YES_AGGRESSIVE;
				GCC_WARN_UNUSED_FUNCTION = YES;
				GCC_WARN_UNUSED_VARIABLE = YES;
				IPHONEOS_DEPLOYMENT_TARGET = 9.0;
				MTL_ENABLE_DEBUG_INFO = YES;
				ONLY_ACTIVE_ARCH = YES;
				SDKROOT = iphoneos;
				SWIFT_OPTIMIZATION_LEVEL = "-Onone";
				TARGETED_DEVICE_FAMILY = "1,2";
			};
			name = Debug;
		};
		493E179D1C63E95000AFC7A6 /* Release */ = {
			isa = XCBuildConfiguration;
			buildSettings = {
				ALWAYS_SEARCH_USER_PATHS = NO;
				CLANG_CXX_LANGUAGE_STANDARD = "gnu++0x";
				CLANG_CXX_LIBRARY = "libc++";
				CLANG_ENABLE_MODULES = YES;
				CLANG_ENABLE_OBJC_ARC = YES;
				CLANG_WARN_BOOL_CONVERSION = YES;
				CLANG_WARN_CONSTANT_CONVERSION = YES;
				CLANG_WARN_DIRECT_OBJC_ISA_USAGE = YES_ERROR;
				CLANG_WARN_EMPTY_BODY = YES;
				CLANG_WARN_ENUM_CONVERSION = YES;
				CLANG_WARN_INFINITE_RECURSION = YES;
				CLANG_WARN_INT_CONVERSION = YES;
				CLANG_WARN_OBJC_ROOT_CLASS = YES_ERROR;
				CLANG_WARN_SUSPICIOUS_MOVE = YES;
				CLANG_WARN_UNREACHABLE_CODE = YES;
				CLANG_WARN__DUPLICATE_METHOD_MATCH = YES;
				"CODE_SIGN_IDENTITY[sdk=iphoneos*]" = "iPhone Developer";
				COPY_PHASE_STRIP = NO;
				DEBUG_INFORMATION_FORMAT = "dwarf-with-dsym";
				ENABLE_NS_ASSERTIONS = NO;
				ENABLE_STRICT_OBJC_MSGSEND = YES;
				GCC_C_LANGUAGE_STANDARD = gnu99;
				GCC_NO_COMMON_BLOCKS = YES;
				GCC_WARN_64_TO_32_BIT_CONVERSION = YES;
				GCC_WARN_ABOUT_RETURN_TYPE = YES_ERROR;
				GCC_WARN_UNDECLARED_SELECTOR = YES;
				GCC_WARN_UNINITIALIZED_AUTOS = YES_AGGRESSIVE;
				GCC_WARN_UNUSED_FUNCTION = YES;
				GCC_WARN_UNUSED_VARIABLE = YES;
				IPHONEOS_DEPLOYMENT_TARGET = 9.0;
				MTL_ENABLE_DEBUG_INFO = NO;
				SDKROOT = iphoneos;
				SWIFT_OPTIMIZATION_LEVEL = "-Owholemodule";
				TARGETED_DEVICE_FAMILY = "1,2";
				VALIDATE_PRODUCT = YES;
			};
			name = Release;
		};
		493E179F1C63E95000AFC7A6 /* Debug */ = {
			isa = XCBuildConfiguration;
			buildSettings = {
				ASSETCATALOG_COMPILER_APPICON_NAME = AppIcon;
				CLANG_ENABLE_MODULES = YES;
				CODE_SIGN_ENTITLEMENTS = break/break.entitlements;
				CODE_SIGN_IDENTITY = "iPhone Developer";
				DEVELOPMENT_TEAM = 3493UDPWAK;
				INFOPLIST_FILE = "$(SRCROOT)/break/Resources/Info.plist";
				IPHONEOS_DEPLOYMENT_TARGET = 9.0;
				LD_RUNPATH_SEARCH_PATHS = "$(inherited) @executable_path/Frameworks";
				PRODUCT_BUNDLE_IDENTIFIER = com.saagarjha.break;
				PRODUCT_NAME = "$(TARGET_NAME)";
				SWIFT_OPTIMIZATION_LEVEL = "-Onone";
				SWIFT_VERSION = 3.0;
			};
			name = Debug;
		};
		493E17A01C63E95000AFC7A6 /* Release */ = {
			isa = XCBuildConfiguration;
			buildSettings = {
				ASSETCATALOG_COMPILER_APPICON_NAME = AppIcon;
				CLANG_ENABLE_MODULES = YES;
				CODE_SIGN_ENTITLEMENTS = break/break.entitlements;
				CODE_SIGN_IDENTITY = "iPhone Developer";
				DEVELOPMENT_TEAM = 3493UDPWAK;
				INFOPLIST_FILE = "$(SRCROOT)/break/Resources/Info.plist";
				IPHONEOS_DEPLOYMENT_TARGET = 9.0;
				LD_RUNPATH_SEARCH_PATHS = "$(inherited) @executable_path/Frameworks";
				PRODUCT_BUNDLE_IDENTIFIER = com.saagarjha.break;
				PRODUCT_NAME = "$(TARGET_NAME)";
				SWIFT_OPTIMIZATION_LEVEL = "-Owholemodule";
				SWIFT_VERSION = 3.0;
			};
			name = Release;
		};
		493E17A21C63E95000AFC7A6 /* Debug */ = {
			isa = XCBuildConfiguration;
			buildSettings = {
				BUNDLE_LOADER = "$(TEST_HOST)";
				INFOPLIST_FILE = breakTests/Info.plist;
				LD_RUNPATH_SEARCH_PATHS = "$(inherited) @executable_path/Frameworks @loader_path/Frameworks";
				PRODUCT_BUNDLE_IDENTIFIER = com.saagarjha.breakTests;
				PRODUCT_NAME = "$(TARGET_NAME)";
				SWIFT_VERSION = 3.0;
				TEST_HOST = "$(BUILT_PRODUCTS_DIR)/break.app/break";
			};
			name = Debug;
		};
		493E17A31C63E95000AFC7A6 /* Release */ = {
			isa = XCBuildConfiguration;
			buildSettings = {
				BUNDLE_LOADER = "$(TEST_HOST)";
				INFOPLIST_FILE = breakTests/Info.plist;
				LD_RUNPATH_SEARCH_PATHS = "$(inherited) @executable_path/Frameworks @loader_path/Frameworks";
				PRODUCT_BUNDLE_IDENTIFIER = com.saagarjha.breakTests;
				PRODUCT_NAME = "$(TARGET_NAME)";
				SWIFT_OPTIMIZATION_LEVEL = "-Owholemodule";
				SWIFT_VERSION = 3.0;
				TEST_HOST = "$(BUILT_PRODUCTS_DIR)/break.app/break";
			};
			name = Release;
		};
		493E17A51C63E95000AFC7A6 /* Debug */ = {
			isa = XCBuildConfiguration;
			buildSettings = {
				INFOPLIST_FILE = breakUITests/Info.plist;
				LD_RUNPATH_SEARCH_PATHS = "$(inherited) @executable_path/Frameworks @loader_path/Frameworks";
				PRODUCT_BUNDLE_IDENTIFIER = com.saagarjha.breakUITests;
				PRODUCT_NAME = "$(TARGET_NAME)";
				SWIFT_VERSION = 3.0;
				TEST_TARGET_NAME = break;
				USES_XCTRUNNER = YES;
			};
			name = Debug;
		};
		493E17A61C63E95000AFC7A6 /* Release */ = {
			isa = XCBuildConfiguration;
			buildSettings = {
				INFOPLIST_FILE = breakUITests/Info.plist;
				LD_RUNPATH_SEARCH_PATHS = "$(inherited) @executable_path/Frameworks @loader_path/Frameworks";
				PRODUCT_BUNDLE_IDENTIFIER = com.saagarjha.breakUITests;
				PRODUCT_NAME = "$(TARGET_NAME)";
				SWIFT_OPTIMIZATION_LEVEL = "-Owholemodule";
				SWIFT_VERSION = 3.0;
				TEST_TARGET_NAME = break;
				USES_XCTRUNNER = YES;
			};
			name = Release;
		};
/* End XCBuildConfiguration section */

/* Begin XCConfigurationList section */
		4906AB981CCDBFBB00610448 /* Build configuration list for PBXNativeTarget "break-watchOS Extension" */ = {
			isa = XCConfigurationList;
			buildConfigurations = (
				4906AB961CCDBFBB00610448 /* Debug */,
				4906AB971CCDBFBB00610448 /* Release */,
			);
			defaultConfigurationIsVisible = 0;
			defaultConfigurationName = Release;
		};
		4906AB9A1CCDBFBB00610448 /* Build configuration list for PBXNativeTarget "break-watchOS" */ = {
			isa = XCConfigurationList;
			buildConfigurations = (
				4906AB941CCDBFBB00610448 /* Debug */,
				4906AB951CCDBFBB00610448 /* Release */,
			);
			defaultConfigurationIsVisible = 0;
			defaultConfigurationName = Release;
		};
		493E17711C63E95000AFC7A6 /* Build configuration list for PBXProject "break" */ = {
			isa = XCConfigurationList;
			buildConfigurations = (
				493E179C1C63E95000AFC7A6 /* Debug */,
				493E179D1C63E95000AFC7A6 /* Release */,
			);
			defaultConfigurationIsVisible = 0;
			defaultConfigurationName = Release;
		};
		493E179E1C63E95000AFC7A6 /* Build configuration list for PBXNativeTarget "break" */ = {
			isa = XCConfigurationList;
			buildConfigurations = (
				493E179F1C63E95000AFC7A6 /* Debug */,
				493E17A01C63E95000AFC7A6 /* Release */,
			);
			defaultConfigurationIsVisible = 0;
			defaultConfigurationName = Release;
		};
		493E17A11C63E95000AFC7A6 /* Build configuration list for PBXNativeTarget "breakTests" */ = {
			isa = XCConfigurationList;
			buildConfigurations = (
				493E17A21C63E95000AFC7A6 /* Debug */,
				493E17A31C63E95000AFC7A6 /* Release */,
			);
			defaultConfigurationIsVisible = 0;
			defaultConfigurationName = Release;
		};
		493E17A41C63E95000AFC7A6 /* Build configuration list for PBXNativeTarget "breakUITests" */ = {
			isa = XCConfigurationList;
			buildConfigurations = (
				493E17A51C63E95000AFC7A6 /* Debug */,
				493E17A61C63E95000AFC7A6 /* Release */,
			);
			defaultConfigurationIsVisible = 0;
			defaultConfigurationName = Release;
		};
/* End XCConfigurationList section */
	};
	rootObject = 493E176E1C63E95000AFC7A6 /* Project object */;
}
